%{
  "ash": {:hex, :ash, "1.15.1", "47ed03d631a695ba98e0e6e0ca655840286bf14457d8052fb5ff0a4160b50471", [:mix], [{:ecto, "~> 3.4", [hex: :ecto, repo: "hexpm", optional: false]}, {:ets, "~> 0.8.0", [hex: :ets, repo: "hexpm", optional: false]}, {:nimble_options, "~> 0.3.0", [hex: :nimble_options, repo: "hexpm", optional: false]}, {:picosat_elixir, "~> 0.1.5", [hex: :picosat_elixir, repo: "hexpm", optional: false]}], "hexpm", "6036a934f22e89a1e1e9d080af7eac6377b76260d591bcb70c830546163dd006"},
  "ash_json_api": {:hex, :ash_json_api, "0.19.0", "491a65fd5e4612cec23a4dd291e4c64dae35a5e6965109ba8cd7b1065d0ee7bc", [:mix], [{:ash, "~> 1.13.0", [hex: :ash, repo: "hexpm", optional: false]}, {:jason, "~> 1.1", [hex: :jason, repo: "hexpm", optional: false]}, {:json_xema, "~> 0.4.0", [hex: :json_xema, repo: "hexpm", optional: false]}, {:plug, "~> 1.8", [hex: :plug, repo: "hexpm", optional: false]}], "hexpm", "5beeda1b71af562ce35b4e91936dc47aaea75d49bfb1a64604339f606a29559f"},
  "conv_case": {:hex, :conv_case, "0.2.2", "5a98b74ab8f7ddbad670e5c7bb39ff280e60699aa3b25c7062ceccf48137433c", [:mix], [], "hexpm", "561c550ab6d55b2a4d4c14449e58c9957798613eb26ea182e14a962965377bca"},
  "decimal": {:hex, :decimal, "1.9.0", "83e8daf59631d632b171faabafb4a9f4242c514b0a06ba3df493951c08f64d07", [:mix], [], "hexpm", "b1f2343568eed6928f3e751cf2dffde95bfaa19dd95d09e8a9ea92ccfd6f7d85"},
  "ecto": {:hex, :ecto, "3.5.1", "c2c8ababbb36f12b2c5660ee2de538b58730557a2164b8907d1adff9b0b89991", [:mix], [{:decimal, "~> 1.6 or ~> 2.0", [hex: :decimal, repo: "hexpm", optional: false]}, {:jason, "~> 1.0", [hex: :jason, repo: "hexpm", optional: true]}, {:telemetry, "~> 0.4", [hex: :telemetry, repo: "hexpm", optional: false]}], "hexpm", "b5228da2678155f44abf01be27a59d9cf33709884d0c9f7858cf93e9460b0428"},
  "elixir_make": {:hex, :elixir_make, "0.6.1", "8faa29a5597faba999aeeb72bbb9c91694ef8068f0131192fb199f98d32994ef", [:mix], [], "hexpm", "35d33270680f8d839a4003c3e9f43afb595310a592405a00afc12de4c7f55a18"},
  "ets": {:hex, :ets, "0.8.1", "8ff9bcda5682b98493f8878fc9dbd990e48d566cba8cce59f7c2a78130da29ea", [:mix], [], "hexpm", "6be41b50adb5bc5c43626f25ea2d0af1f4a242fb3fad8d53f0c67c20b78915cc"},
  "jason": {:hex, :jason, "1.2.2", "ba43e3f2709fd1aa1dce90aaabfd039d000469c05c56f0b8e31978e03fa39052", [:mix], [{:decimal, "~> 1.0 or ~> 2.0", [hex: :decimal, repo: "hexpm", optional: true]}], "hexpm", "18a228f5f0058ee183f29f9eae0805c6e59d61c3b006760668d8d18ff0d12179"},
  "json_xema": {:hex, :json_xema, "0.4.2", "85de190f597a98ce9da436b8a59c97ef561a6ab6017255df8b494babefd6fb10", [:mix], [{:conv_case, "~> 0.2", [hex: :conv_case, repo: "hexpm", optional: false]}, {:xema, "~> 0.11", [hex: :xema, repo: "hexpm", optional: false]}], "hexpm", "5516213758667d21669e0d63ea287238d277519527bac6c02140a5e34c1fda80"},
  "mime": {:hex, :mime, "1.4.0", "5066f14944b470286146047d2f73518cf5cca82f8e4815cf35d196b58cf07c47", [:mix], [], "hexpm", "75fa42c4228ea9a23f70f123c74ba7cece6a03b1fd474fe13f6a7a85c6ea4ff6"},
  "nimble_options": {:hex, :nimble_options, "0.3.0", "1872911bf50a048f04da26e02704e6aeafc362c2daa7636b6dbfda9492ccfcfa", [:mix], [], "hexpm", "180790a8644fea402452bc15bb54b9bf2c8e5c1fdeb6b39d8072e59c324edf7f"},
  "picosat_elixir": {:hex, :picosat_elixir, "0.1.5", "23673bd3080a4489401e25b4896aff1f1138d47b2f650eab724aad1506188ebb", [:make, :mix], [{:elixir_make, "~> 0.4", [hex: :elixir_make, repo: "hexpm", optional: false]}], "hexpm", "b30b3c3abd1f4281902d3b5bc9b67e716509092d6243b010c29d8be4a526e8c8"},
  "plug": {:hex, :plug, "1.10.4", "41eba7d1a2d671faaf531fa867645bd5a3dce0957d8e2a3f398ccff7d2ef017f", [:mix], [{:mime, "~> 1.0", [hex: :mime, repo: "hexpm", optional: false]}, {:plug_crypto, "~> 1.1.1 or ~> 1.2", [hex: :plug_crypto, repo: "hexpm", optional: false]}, {:telemetry, "~> 0.4", [hex: :telemetry, repo: "hexpm", optional: false]}], "hexpm", "ad1e233fe73d2eec56616568d260777b67f53148a999dc2d048f4eb9778fe4a0"},
  "plug_crypto": {:hex, :plug_crypto, "1.2.0", "1cb20793aa63a6c619dd18bb33d7a3aa94818e5fd39ad357051a67f26dfa2df6", [:mix], [], "hexpm", "a48b538ae8bf381ffac344520755f3007cc10bd8e90b240af98ea29b69683fc2"},
  "telemetry": {:hex, :telemetry, "0.4.2", "2808c992455e08d6177322f14d3bdb6b625fbcfd233a73505870d8738a2f4599", [:rebar3], [], "hexpm", "2d1419bd9dda6a206d7b5852179511722e2b18812310d304620c7bd92a13fcef"},
  "xema": {:hex, :xema, "0.13.1", "b1ba47ec79dd7ade1461737214bf2d9378ceeff0e2dc33e13fa2324bec3ddffb", [:mix], [{:conv_case, "~> 0.2.2", [hex: :conv_case, repo: "hexpm", optional: false]}, {:decimal, "~> 1.7", [hex: :decimal, repo: "hexpm", optional: true]}], "hexpm", "bb399768242cfb1eb16c2cb1a99e054d2fa410efb9c32cc463d27ce2fb321107"},
}
